
Microsoft Visual Studio Solution File, Format Version 12.00
# Visual Studio Version 17
VisualStudioVersion = 17.9.34728.123
MinimumVisualStudioVersion = 10.0.40219.1
Project("{FAE04EC0-301F-11D3-BF4B-00C04F79EFBC}") = "ShamrockHeightsEvents", "ShamrockHeightsEvents\ShamrockHeightsEvents.csproj", "{516919F9-1A4D-4BC5-9029-546905DD8C6B}"
EndProject
Global
	GlobalSection(SolutionConfigurationPlatforms) = preSolution
		Debug|Any CPU = Debug|Any CPU
		Release|Any CPU = Release|Any CPU
	EndGlobalSection
	GlobalSection(ProjectConfigurationPlatforms) = postSolution
		{516919F9-1A4D-4BC5-9029-546905DD8C6B}.Debug|Any CPU.ActiveCfg = Debug|Any CPU
		{516919F9-1A4D-4BC5-9029-546905DD8C6B}.Debug|Any CPU.Build.0 = Debug|Any CPU
		{516919F9-1A4D-4BC5-9029-546905DD8C6B}.Release|Any CPU.ActiveCfg = Release|Any CPU
		{516919F9-1A4D-4BC5-9029-546905DD8C6B}.Release|Any CPU.Build.0 = Release|Any CPU
	EndGlobalSection
	GlobalSection(SolutionProperties) = preSolution
		HideSolutionNode = FALSE
	EndGlobalSection
	GlobalSection(ExtensibilityGlobals) = postSolution
		SolutionGuid = {72CF71FE-DC17-4DB1-A9A4-D17433F238A1}
	EndGlobalSection
EndGlobal
